PODS:
  - Flutter (1.0.0)
  - flutter_icmp_ping (0.0.1):
    - Flutter
  - network_info_plus (0.0.1):
    - Flutter
  - thermal_printer_plus (1.0.11):
    - Flutter

DEPENDENCIES:
  - Flutter (from `Flutter`)
  - flutter_icmp_ping (from `.symlinks/plugins/flutter_icmp_ping/ios`)
  - network_info_plus (from `.symlinks/plugins/network_info_plus/ios`)
  - thermal_printer_plus (from `.symlinks/plugins/thermal_printer_plus/ios`)

EXTERNAL SOURCES:
  Flutter:
    :path: Flutter
  flutter_icmp_ping:
    :path: ".symlinks/plugins/flutter_icmp_ping/ios"
  network_info_plus:
    :path: ".symlinks/plugins/network_info_plus/ios"
  thermal_printer_plus:
    :path: ".symlinks/plugins/thermal_printer_plus/ios"

SPEC CHECKSUMS:
  Flutter: cabc95a1d2626b1b06e7179b784ebcf0c0cde467
  flutter_icmp_ping: 47c1df3440c18ddd39fc457e607bb3b42d4a339f
  network_info_plus: cf61925ab5205dce05a4f0895989afdb6aade5fc
  thermal_printer_plus: ad9ed77574c9da74de2d4fc89f1f773e52c41a0f

PODFILE CHECKSUM: cc1f88378b4bfcf93a6ce00d2c587857c6008d3b

COCOAPODS: 1.16.2
