PODS:
  - Flutter (1.0.0)
  - flutter_icmp_ping (0.0.1):
    - Flutter
  - network_info_plus (0.0.1):
    - Flutter
  - thermal_printer_plus (1.0.6):
    - Flutter

DEPENDENCIES:
  - Flutter (from `Flutter`)
  - flutter_icmp_ping (from `.symlinks/plugins/flutter_icmp_ping/ios`)
  - network_info_plus (from `.symlinks/plugins/network_info_plus/ios`)
  - thermal_printer_plus (from `.symlinks/plugins/thermal_printer_plus/ios`)

EXTERNAL SOURCES:
  Flutter:
    :path: Flutter
  flutter_icmp_ping:
    :path: ".symlinks/plugins/flutter_icmp_ping/ios"
  network_info_plus:
    :path: ".symlinks/plugins/network_info_plus/ios"
  thermal_printer_plus:
    :path: ".symlinks/plugins/thermal_printer_plus/ios"

SPEC CHECKSUMS:
  Flutter: e0871f40cf51350855a761d2e70bf5af5b9b5de7
  flutter_icmp_ping: 2b159955eee0c487c766ad83fec224ae35e7c935
  network_info_plus: 6d0c3eb8367b8164fa3fb0c19875e3f59d49697f
  thermal_printer_plus: cbb9818595ad92174d0972828ee0dd3e6ccd1b99

PODFILE CHECKSUM: 4e8f8b2be68aeea4c0d5beb6ff1e79fface1d048

COCOAPODS: 1.15.2
